
Microsoft Visual Studio Solution File, Format Version 12.00
# Visual Studio Version 17
VisualStudioVersion = 17.11.35312.102
MinimumVisualStudioVersion = 10.0.40219.1
Project("{FAE04EC0-301F-11D3-BF4B-00C04F79EFBC}") = "SpecMetrix.LoggingService", "SpecMetrix.LoggingService\SpecMetrix.LoggingService.csproj", "{76D37F5E-F072-4643-8686-A0B574BF9C43}"
EndProject
Global
	GlobalSection(SolutionConfigurationPlatforms) = preSolution
		Debug|Any CPU = Debug|Any CPU
		Release|Any CPU = Release|Any CPU
	EndGlobalSection
	GlobalSection(ProjectConfigurationPlatforms) = postSolution
		{76D37F5E-F072-4643-8686-A0B574BF9C43}.Debug|Any CPU.ActiveCfg = Debug|Any CPU
		{76D37F5E-F072-4643-8686-A0B574BF9C43}.Debug|Any CPU.Build.0 = Debug|Any CPU
		{76D37F5E-F072-4643-8686-A0B574BF9C43}.Release|Any CPU.ActiveCfg = Release|Any CPU
		{76D37F5E-F072-4643-8686-A0B574BF9C43}.Release|Any CPU.Build.0 = Release|Any CPU
	EndGlobalSection
	GlobalSection(SolutionProperties) = preSolution
		HideSolutionNode = FALSE
	EndGlobalSection
	GlobalSection(ExtensibilityGlobals) = postSolution
		SolutionGuid = {C6ABB0BB-3FF8-406F-B313-A53B6A98D8A2}
	EndGlobalSection
EndGlobal
